
Microsoft Visual Studio Solution File, Format Version 12.00
# Visual Studio Version 16
VisualStudioVersion = 16.0.29411.108
MinimumVisualStudioVersion = 10.0.40219.1
Project("{FAE04EC0-301F-11D3-BF4B-00C04F79EFBC}") = "product.stock.api.api", "product.stock.api.csproj", "{30806B44-02E4-45D3-93B4-2F0CD8592852}"
EndProject
Global
	GlobalSection(SolutionConfigurationPlatforms) = preSolution
		Debug|Any CPU = Debug|Any CPU
		Release|Any CPU = Release|Any CPU
	EndGlobalSection
	GlobalSection(ProjectConfigurationPlatforms) = postSolution
		{30806B44-02E4-45D3-93B4-2F0CD8592852}.Debug|Any CPU.ActiveCfg = Debug|Any CPU
		{30806B44-02E4-45D3-93B4-2F0CD8592852}.Debug|Any CPU.Build.0 = Debug|Any CPU
		{30806B44-02E4-45D3-93B4-2F0CD8592852}.Release|Any CPU.ActiveCfg = Release|Any CPU
		{30806B44-02E4-45D3-93B4-2F0CD8592852}.Release|Any CPU.Build.0 = Release|Any CPU
	EndGlobalSection
	GlobalSection(SolutionProperties) = preSolution
		HideSolutionNode = FALSE
	EndGlobalSection
	GlobalSection(ExtensibilityGlobals) = postSolution
		SolutionGuid = {F376938C-5D02-4961-8CA2-3D9038A9605D}
	EndGlobalSection
EndGlobal
